hash: 057236f6e65add6ab863a55ebc145b122f10383f3d71350bcd897e26c3919317
updated: 2016-08-30T20:45:55.489950342-04:00
imports:
- name: github.com/armon/go-radix
  version: 4239b77079c7b5d1243b7b4736304ce8ddb6f0f2
- name: github.com/inconshreveable/mousetrap
  version: 76626ae9c91c4f2a10f34cad8ce83ea42c93bb75
- name: github.com/Masterminds/glide
  version: 005633649af58d7c7be0b9920fa82ab668288e96
  repo: https://github.com/sdboyer/glide
  subpackages:
  - cfg
  - dependency
  - gb
  - godep
  - godep/strip
  - gom
  - gpm
  - msg
  - path
  - util
- name: github.com/Masterminds/semver
  version: b3ef6b1808e9889dfb8767ce7068db923a3d07de
# the original, not sure where it's from: 0a2c9fc0eee2c4cbb9526877c4a54da047fdcadd
- name: github.com/Masterminds/vcs
  version: fbe9fb6ad5b5f35b3e82a7c21123cfc526cbf895
- name: github.com/sdboyer/gps
  version: d9e16a3e908da237c806e741e0663b8b93274695
- name: github.com/spf13/cobra
  version: 37c3f8060359192150945916cbc2d72bce804b4d
- name: github.com/spf13/pflag
  version: 103ce5cd2042f2fe629c1957abb64ab3e7f50235
- name: github.com/termie/go-shutil
  version: bcacb06fecaeec8dc42af03c87c6949f4a05c74c
  vcs: git
- name: gopkg.in/yaml.v2
  version: e4d366fc3c7938e2958e662b4258c7a89e1f0e3e
testImports: []
